
Microsoft Visual Studio Solution File, Format Version 12.00
# Visual Studio Version 17
VisualStudioVersion = 17.5.002.0
MinimumVisualStudioVersion = 10.0.40219.1
Project("{9A19103F-16F7-4668-BE54-9A1E7A4F7556}") = "InMemoryCachingWebApi", "InMemoryCachingWebApi.csproj", "{BE8C9AC0-6E49-4A8E-A39D-7F0CEEB7B48D}"
EndProject
Global
	GlobalSection(SolutionConfigurationPlatforms) = preSolution
		Debug|Any CPU = Debug|Any CPU
		Release|Any CPU = Release|Any CPU
	EndGlobalSection
	GlobalSection(ProjectConfigurationPlatforms) = postSolution
		{BE8C9AC0-6E49-4A8E-A39D-7F0CEEB7B48D}.Debug|Any CPU.ActiveCfg = Debug|Any CPU
		{BE8C9AC0-6E49-4A8E-A39D-7F0CEEB7B48D}.Debug|Any CPU.Build.0 = Debug|Any CPU
		{BE8C9AC0-6E49-4A8E-A39D-7F0CEEB7B48D}.Release|Any CPU.ActiveCfg = Release|Any CPU
		{BE8C9AC0-6E49-4A8E-A39D-7F0CEEB7B48D}.Release|Any CPU.Build.0 = Release|Any CPU
	EndGlobalSection
	GlobalSection(SolutionProperties) = preSolution
		HideSolutionNode = FALSE
	EndGlobalSection
	GlobalSection(ExtensibilityGlobals) = postSolution
		SolutionGuid = {1FCE365D-7CDA-444E-8517-2C78DD5B22BC}
	EndGlobalSection
EndGlobal
